PODS:
  - Bugsnag (5.3.0):
    - KSCrash/RecordingAdvanced (~> 1.6.4)
  - DACircularProgress (2.2.0)
  - KSCrash/no-arc (1.6.4)
  - KSCrash/Recording (1.6.4):
    - KSCrash/no-arc
  - KSCrash/RecordingAdvanced (1.6.4):
    - KSCrash/Recording
  - MBProgressHUD (0.9)
  - MWPhotoBrowser (1.4.1):
    - DACircularProgress
    - MBProgressHUD (~> 0.8)
    - PSTCollectionView (~> 1.2)
    - SDWebImage (~> 3.7)
  - PSTCollectionView (1.2.3)
  - SDWebImage (3.7.1):
    - SDWebImage/Core (= 3.7.1)
  - SDWebImage/Core (3.7.1)

DEPENDENCIES:
  - Bugsnag (~> 5.3)
  - MWPhotoBrowser (~> 1.4)

SPEC CHECKSUMS:
  Bugsnag: 113c484124ef13084b7cec9bd09d96683748604e
  DACircularProgress: 0f92b77239d5f3c612fc66185e2998391ac8e054
  KSCrash: d8e5ad6724d26a48e8ca483028c65e33d92e7834
  MBProgressHUD: d8e7ea388dc1549a42e0d219067cf5f2c898fb66
  MWPhotoBrowser: 2531e682860d62b8a7ba8659de02eb9040e431e5
  PSTCollectionView: 6749df92885353521f55279a7ce2b293762e2be4
  SDWebImage: ed3095af2ff88b436426037444979b917f6c5575

PODFILE CHECKSUM: f403b39493f06124f4fe84a90930308a42eed536

COCOAPODS: 1.0.1
